github.com/NandoTheessen/golang_playground v0.0.0-20190616144155-789d06c7277e h1:GeY9bpOlz2Kit3iaH+iuX2LZQ0k1UbqKt5BPm22WytU=
github.com/NandoTheessen/golang_playground/mobile-scraper v0.0.0-20190616144155-789d06c7277e h1:NfMAUCvYnINNVCIW5j7/zhx3f1ZtZFWNdu9sC2zlKjc=
github.com/go-bongo/bongo v0.10.4 h1:equAJCu7im1+kVmOJw4929ijR7peemzx3Qkzk/2hWSI=
github.com/go-bongo/bongo v0.10.4/go.mod h1:D6pn2yWfb7NzktE9m7fW7wIOHSinlQ5glp8u1XNv4So=
github.com/lib/pq v1.1.1 h1:sJZmqHoEaY7f+NPP8pgLB/WxulyR3fewgCM2qaSlBb4=
github.com/lib/pq v1.1.1/go.mod h1:5WUZQaWbwv1U+lTReE5YruASi9Al49XbQIvNi/34Woo=
github.com/lib/pq v1.2.0 h1:LXpIM/LZ5xGFhOpXAQUIMM1HdyqzVYM13zNdjCEEcA0=
github.com/lib/pq v1.2.0/go.mod h1:5WUZQaWbwv1U+lTReE5YruASi9Al49XbQIvNi/34Woo=
github.com/llimllib/loglevel v0.0.0-20131025150502-3bb4128b5f3b h1:yLi3DWXHHpMbyglMhh+gDObvL2kfT6K5E+OnLtef/BQ=
github.com/llimllib/loglevel v0.0.0-20131025150502-3bb4128b5f3b/go.mod h1:rXDeuXCQpd/9ItjmXQpH2UHjU00e7ViAXE0WcFAQlIY=
github.com/mattn/go-sqlite3 v1.11.0 h1:LDdKkqtYlom37fkvqs8rMPFKAMe8+SgjbwZ6ex1/A/Q=
github.com/mattn/go-sqlite3 v1.11.0/go.mod h1:FPy6KqzDD04eiIsT53CuJW3U88zkxoIYsOqkbpncsNc=
github.com/maxwellhealth/go-dotaccess v0.0.0-20150208020959-ae070a2d2a38 h1:rcZKdGy22avq2HefU/TP98B0vRKtqBV6+JT9ml0RcsA=
github.com/maxwellhealth/go-dotaccess v0.0.0-20150208020959-ae070a2d2a38/go.mod h1:DT6yK3gKIe7VmI/yTJVISoF40uf/2TORlEIHhffjFvE=
github.com/oleiade/reflections v1.0.0 h1:0ir4pc6v8/PJ0yw5AEtMddfXpWBXg9cnG7SgSoJuCgY=
github.com/oleiade/reflections v1.0.0/go.mod h1:RbATFBbKYkVdqmSFtx13Bb/tVhR0lgOBXunWTZKeL4w=
golang.org/x/crypto v0.0.0-20190308221718-c2843e01d9a2/go.mod h1:djNgcEr1/C05ACkg1iLfiJU5Ep61QUkGW8qpdssI0+w=
golang.org/x/net v0.0.0-20190613194153-d28f0bde5980 h1:dfGZHvZk057jK2MCeWus/TowKpJ8y4AmooUzdBSR9GU=
golang.org/x/net v0.0.0-20190613194153-d28f0bde5980/go.mod h1:z5CRVTTTmAJ677TzLLGU+0bjPO0LkuOLi4/5GtJWs/s=
golang.org/x/sys v0.0.0-20190215142949-d0b11bdaac8a/go.mod h1:STP8DvDyc/dI5b8T5hshtkjS+E42TnysNCUPdjciGhY=
golang.org/x/text v0.3.0/go.mod h1:NqM8EUOU14njkJ3fqMW+pc6Ldnwhi/IjpwHt7yyuwOQ=
gopkg.in/mgo.v2 v2.0.0-20180705113604-9856a29383ce h1:xcEWjVhvbDy+nHP67nPDDpbYrY+ILlfndk4bRioVHaU=
gopkg.in/mgo.v2 v2.0.0-20180705113604-9856a29383ce/go.mod h1:yeKp02qBN3iKW1OzL3MGk2IdtZzaj7SFntXj72NppTA=
