github.com/lib/pq v1.2.0 h1:LXpIM/LZ5xGFhOpXAQUIMM1HdyqzVYM13zNdjCEEcA0=
github.com/lib/pq v1.2.0/go.mod h1:5WUZQaWbwv1U+lTReE5YruASi9Al49XbQIvNi/34Woo=
github.com/llimllib/loglevel v0.0.0-20131025150502-3bb4128b5f3b h1:yLi3DWXHHpMbyglMhh+gDObvL2kfT6K5E+OnLtef/BQ=
github.com/llimllib/loglevel v0.0.0-20131025150502-3bb4128b5f3b/go.mod h1:rXDeuXCQpd/9ItjmXQpH2UHjU00e7ViAXE0WcFAQlIY=
